# @generated - this file is auto-generated by `mise lock` https://mise.jdx.dev/dev-tools/mise-lock.html

[conda-packages.linux-arm64."_openmp_mutex-4.5-20_gnu"]
url = "https://conda.anaconda.org/conda-forge/linux-aarch64/_openmp_mutex-4.5-20_gnu.conda"
checksum = "sha256:a2527b1d81792a0ccd2c05850960df119c2b6d8f5fdec97f2db7d25dc23b1068"

[conda-packages.linux-arm64."clang-format-22-22.1.8-default_h9c9fc99_6"]
url = "https://conda.anaconda.org/conda-forge/linux-aarch64/clang-format-22-22.1.8-default_h9c9fc99_6.conda"
checksum = "sha256:d6200432d9ff21eb6c7c8fb3bc46284f734b0fcbb5012c5ee229cf021843c007"

[conda-packages.linux-arm64."clang-format-22.1.8-default_h7c587c8_6"]
url = "https://conda.anaconda.org/conda-forge/linux-aarch64/clang-format-22.1.8-default_h7c587c8_6.conda"
checksum = "sha256:f872e60a7ce3079e370650c1722d66148d41f36def051b89afd46eff7ab192f9"

[conda-packages.linux-arm64."clang-scan-deps-22.1.8-default_h9c9fc99_6"]
url = "https://conda.anaconda.org/conda-forge/linux-aarch64/clang-scan-deps-22.1.8-default_h9c9fc99_6.conda"
checksum = "sha256:8cb79c11cd584f078442173cf6ef8c0cef1d70c4dfcd113464920781acdefd7d"

[conda-packages.linux-arm64."libclang-cpp22.1-22.1.8-default_h9c9fc99_6"]
url = "https://conda.anaconda.org/conda-forge/linux-aarch64/libclang-cpp22.1-22.1.8-default_h9c9fc99_6.conda"
checksum = "sha256:c2340ee1cfe1e2aa146d8cdfe9f4dccc18bef55286b14bbd6aef5db7a93c602c"

[conda-packages.linux-arm64."libclang13-22.1.8-default_h1f00bc2_6"]
url = "https://conda.anaconda.org/conda-forge/linux-aarch64/libclang13-22.1.8-default_h1f00bc2_6.conda"
checksum = "sha256:4423fc1f50d4294faa275442e2c2af6824a592bafa97892f452ae307298073b9"

[conda-packages.linux-arm64."libgcc-16.1.0-h205dda4_1"]
url = "https://conda.anaconda.org/conda-forge/linux-aarch64/libgcc-16.1.0-h205dda4_1.conda"
checksum = "sha256:88a3d400c678df034c9d498f32503779977d5ea826063687c663e42c945abed5"

[conda-packages.linux-arm64."libgomp-16.1.0-h8acb6b2_1"]
url = "https://conda.anaconda.org/conda-forge/linux-aarch64/libgomp-16.1.0-h8acb6b2_1.conda"
checksum = "sha256:1c609a4a72597350317b92c4d9dfb85d21740219048e2b1d458925a6ccfa3d7a"

[conda-packages.linux-arm64."libiconv-1.18-h1ea5142_3"]
url = "https://conda.anaconda.org/conda-forge/linux-aarch64/libiconv-1.18-h1ea5142_3.conda"
checksum = "sha256:d22c666eb887afd2119aac2110e23a0e817e9391bda99293421f7c46dab1564c"

[conda-packages.linux-arm64."libllvm22-22.1.8-hfd2ba90_1"]
url = "https://conda.anaconda.org/conda-forge/linux-aarch64/libllvm22-22.1.8-hfd2ba90_1.conda"
checksum = "sha256:dc943f1730a27f5fb36682c9852f7196f671c3a9df4a0a7a8f7ba665637c9151"

[conda-packages.linux-arm64."liblzma-5.8.3-he30d5cf_1"]
url = "https://conda.anaconda.org/conda-forge/linux-aarch64/liblzma-5.8.3-he30d5cf_1.conda"
checksum = "sha256:f760669fd1cea27f689f411c0d5488e26ce50e382c9b63e4ad348f959850124a"

[conda-packages.linux-arm64."libstdcxx-16.1.0-hef695bb_1"]
url = "https://conda.anaconda.org/conda-forge/linux-aarch64/libstdcxx-16.1.0-hef695bb_1.conda"
checksum = "sha256:81ef9a10a0e01ffc7e03d429ed048410153411b2d8bbf95c334bdf3dcf175ab0"

[conda-packages.linux-arm64."libxml2-16-2.15.3-h064b767_0"]
url = "https://conda.anaconda.org/conda-forge/linux-aarch64/libxml2-16-2.15.3-h064b767_0.conda"
checksum = "sha256:96e9bd642c013ce3407c23b3819204ea8a591567d62b49baa4bafb2f1487326c"

[conda-packages.linux-arm64."libxml2-2.15.3-h9ba8346_0"]
url = "https://conda.anaconda.org/conda-forge/linux-aarch64/libxml2-2.15.3-h9ba8346_0.conda"
checksum = "sha256:74aa3c62e0ec4491343b95ce4ca8812ad2f9bb015369e29cb3b4b9b4302d8cb0"

[conda-packages.linux-arm64."libzlib-1.3.2-hdc9db2a_3"]
url = "https://conda.anaconda.org/conda-forge/linux-aarch64/libzlib-1.3.2-hdc9db2a_3.conda"
checksum = "sha256:76efa6cc9d7e6f5ee3bbca0939f64054af2bdfb3c3632531f8e633cf6c2ea41e"

[conda-packages.linux-arm64."zstd-1.5.7-h9d15635_7"]
url = "https://conda.anaconda.org/conda-forge/linux-aarch64/zstd-1.5.7-h9d15635_7.conda"
checksum = "sha256:427fd14bcb3b8659796fecc682716617409350fb5a98e5b7b47558a10d1a2fc7"

[conda-packages.linux-x64."_openmp_mutex-4.5-20_gnu"]
url = "https://conda.anaconda.org/conda-forge/linux-64/_openmp_mutex-4.5-20_gnu.conda"
checksum = "sha256:1dd3fffd892081df9726d7eb7e0dea6198962ba775bd88842135a4ddb4deb3c9"

[conda-packages.linux-x64."clang-format-22-22.1.8-default_h08c5240_6"]
url = "https://conda.anaconda.org/conda-forge/linux-64/clang-format-22-22.1.8-default_h08c5240_6.conda"
checksum = "sha256:8e0fb4bf20bc89b5de16357e73a8d3344db814aafcab354aecf968571e62fb21"

[conda-packages.linux-x64."clang-format-22.1.8-default_h36682a0_6"]
url = "https://conda.anaconda.org/conda-forge/linux-64/clang-format-22.1.8-default_h36682a0_6.conda"
checksum = "sha256:03a3c632e594375b1416c0baf9131596aa4b11e80a8f557f69162fd1c7aed309"

[conda-packages.linux-x64."clang-scan-deps-22.1.8-default_h08c5240_6"]
url = "https://conda.anaconda.org/conda-forge/linux-64/clang-scan-deps-22.1.8-default_h08c5240_6.conda"
checksum = "sha256:f41e133972fdd5ae6d72316b629c4c8824b40149afe584df09566689c4fe5b52"

[conda-packages.linux-x64."icu-78.3-py310h44b86e0_2"]
url = "https://conda.anaconda.org/conda-forge/linux-64/icu-78.3-py310h44b86e0_2.conda"
checksum = "sha256:9f07834f0c546ab14d885ce0366285f61f44e326c0edd1fc63b8294e113ae432"

[conda-packages.linux-x64."libclang-cpp22.1-22.1.8-default_h08c5240_6"]
url = "https://conda.anaconda.org/conda-forge/linux-64/libclang-cpp22.1-22.1.8-default_h08c5240_6.conda"
checksum = "sha256:fc2981a8e45dd232ae88cf2580f7e75c258f4dccdc96f879b68ef0a9b45c9a2b"

[conda-packages.linux-x64."libclang13-22.1.8-default_hd70ba2e_6"]
url = "https://conda.anaconda.org/conda-forge/linux-64/libclang13-22.1.8-default_hd70ba2e_6.conda"
checksum = "sha256:8475136d3be6c2d16bdb801dcaf8769cb2ba372cad239c89ebd6a58912e14465"

[conda-packages.linux-x64."libgcc-16.1.0-ha9f2e26_1"]
url = "https://conda.anaconda.org/conda-forge/linux-64/libgcc-16.1.0-ha9f2e26_1.conda"
checksum = "sha256:d5cb8475131c31680f8fd30512c418f373064e272e452063276a8fb14c9fa42f"

[conda-packages.linux-x64."libgomp-16.1.0-he0feb66_1"]
url = "https://conda.anaconda.org/conda-forge/linux-64/libgomp-16.1.0-he0feb66_1.conda"
checksum = "sha256:62cb599ad0539d99386515326d9d5e8f51f75a60c69c2131b21df76edf35bd89"

[conda-packages.linux-x64."libiconv-1.18-h0cb94f2_3"]
url = "https://conda.anaconda.org/conda-forge/linux-64/libiconv-1.18-h0cb94f2_3.conda"
checksum = "sha256:f943117edb9cd4d9c61cc972eee5a34291dc55ea7a6e9e38da104995841cbcb6"

[conda-packages.linux-x64."libllvm22-22.1.8-hf7376ad_1"]
url = "https://conda.anaconda.org/conda-forge/linux-64/libllvm22-22.1.8-hf7376ad_1.conda"
checksum = "sha256:e9b5f301d6b001a9b8ce782157f56b75c92c4fbc9eba95dc6345c1139251d13b"

[conda-packages.linux-x64."liblzma-5.8.3-hb03c661_1"]
url = "https://conda.anaconda.org/conda-forge/linux-64/liblzma-5.8.3-hb03c661_1.conda"
checksum = "sha256:9787df8c22a59c9a70d3e5a10db9ad663485e75e9ccc3f09bd092cb7b95e0dab"

[conda-packages.linux-x64."libstdcxx-16.1.0-h934c35e_1"]
url = "https://conda.anaconda.org/conda-forge/linux-64/libstdcxx-16.1.0-h934c35e_1.conda"
checksum = "sha256:79721dd08aeb0ab9e773f1f9ef41cf4e6c17477e3d72319147619045bce05a09"

[conda-packages.linux-x64."libxml2-16-2.15.3-hca6bf5a_0"]
url = "https://conda.anaconda.org/conda-forge/linux-64/libxml2-16-2.15.3-hca6bf5a_0.conda"
checksum = "sha256:3d44f737c5ae52d5af32682cc1530df433f401f8e58a7533926536244127572a"

[conda-packages.linux-x64."libxml2-2.15.3-h49c6c72_0"]
url = "https://conda.anaconda.org/conda-forge/linux-64/libxml2-2.15.3-h49c6c72_0.conda"
checksum = "sha256:3bc5551720c58591f6ea1146f7d1539c734ed1c40e7b9f5cb8cb7e900c509aba"

[conda-packages.linux-x64."libzlib-1.3.2-h25fd6f3_3"]
url = "https://conda.anaconda.org/conda-forge/linux-64/libzlib-1.3.2-h25fd6f3_3.conda"
checksum = "sha256:eb8a0db0aa570124f7d2a93d7c7f596e3390df5e047818d873baad32985fc736"

[conda-packages.linux-x64."zstd-1.5.7-hb78ec9c_7"]
url = "https://conda.anaconda.org/conda-forge/linux-64/zstd-1.5.7-hb78ec9c_7.conda"
checksum = "sha256:47d682b9f6d6ec9eb1a6e6c3e75ea6273e899e78fb7fc59f81d39745009fbc60"

[conda-packages.macos-arm64."clang-format-22-22.1.8-default_hc257da1_6"]
url = "https://conda.anaconda.org/conda-forge/osx-arm64/clang-format-22-22.1.8-default_hc257da1_6.conda"
checksum = "sha256:6006eca9bf44cf05e7de18fe9468a559b0ff90c858004ba726db82f0f728d112"

[conda-packages.macos-arm64."clang-format-22.1.8-default_h1fde8bb_6"]
url = "https://conda.anaconda.org/conda-forge/osx-arm64/clang-format-22.1.8-default_h1fde8bb_6.conda"
checksum = "sha256:39b0943dcd17275b153c87c067b54c0f8645be4839321fcd539358eb175d5195"

[conda-packages.macos-arm64."clang-scan-deps-22.1.8-default_hc257da1_6"]
url = "https://conda.anaconda.org/conda-forge/osx-arm64/clang-scan-deps-22.1.8-default_hc257da1_6.conda"
checksum = "sha256:d5ab08fccabeb9b0e081b0303ed613fa91c0210878c50d4f05cd9d6e07f6e348"

[conda-packages.macos-arm64."libclang-cpp22.1-22.1.8-default_hc257da1_6"]
url = "https://conda.anaconda.org/conda-forge/osx-arm64/libclang-cpp22.1-22.1.8-default_hc257da1_6.conda"
checksum = "sha256:5f16d1b4324284f2a360f56566867fd05c4a9dfbddff650887788f6285f956a9"

[conda-packages.macos-arm64."libclang13-22.1.8-default_hed75349_6"]
url = "https://conda.anaconda.org/conda-forge/osx-arm64/libclang13-22.1.8-default_hed75349_6.conda"
checksum = "sha256:8d7d0ecabc11a7ed0b8cccff96815d8cc1cc712affc0dcdc540d9e18f6e7158f"

[conda-packages.macos-arm64."libcxx-22.1.8-h55c6f16_0"]
url = "https://conda.anaconda.org/conda-forge/osx-arm64/libcxx-22.1.8-h55c6f16_0.conda"
checksum = "sha256:a2e7abab5add9750fab064c024394de48e49f97631c605ad5db5c8ac3fc769ef"

[conda-packages.macos-arm64."libiconv-1.18-he4c29f2_3"]
url = "https://conda.anaconda.org/conda-forge/osx-arm64/libiconv-1.18-he4c29f2_3.conda"
checksum = "sha256:689a14968267f2f97c07112fca5636e7d756036b9aee969911267c20bd3eea1f"

[conda-packages.macos-arm64."libllvm22-22.1.8-h89af1be_1"]
url = "https://conda.anaconda.org/conda-forge/osx-arm64/libllvm22-22.1.8-h89af1be_1.conda"
checksum = "sha256:9c0ece5160e3d8749f43f8dd86777be4cfdb51490fb32f4d8269f8fd9866ce55"

[conda-packages.macos-arm64."liblzma-5.8.3-h8088a28_1"]
url = "https://conda.anaconda.org/conda-forge/osx-arm64/liblzma-5.8.3-h8088a28_1.conda"
checksum = "sha256:23d0630046a3e8b164d8f80f2b74ed2605af2e7050ab9913018056402fae4311"

[conda-packages.macos-arm64."libxml2-16-2.15.3-h6967ea9_0"]
url = "https://conda.anaconda.org/conda-forge/osx-arm64/libxml2-16-2.15.3-h6967ea9_0.conda"
checksum = "sha256:43895a7517c055b8893531290f9dc48bd751eb04be04f14bbce3b6c71b052be6"

[conda-packages.macos-arm64."libxml2-2.15.3-heed7d32_0"]
url = "https://conda.anaconda.org/conda-forge/osx-arm64/libxml2-2.15.3-heed7d32_0.conda"
checksum = "sha256:4d9c117b2dd222cf891710d5f6a570ebb275479979843a1477ac54ed50907b40"

[conda-packages.macos-arm64."libzlib-1.3.2-h8088a28_3"]
url = "https://conda.anaconda.org/conda-forge/osx-arm64/libzlib-1.3.2-h8088a28_3.conda"
checksum = "sha256:a18fa5d5bac452401459f966cf0d872224e8080c4ff93c77e168d43ab42ef9d7"

[conda-packages.macos-arm64."zstd-1.5.7-hf451053_7"]
url = "https://conda.anaconda.org/conda-forge/osx-arm64/zstd-1.5.7-hf451053_7.conda"
checksum = "sha256:da867f5092eb0cb746d353694f0098031fd9817a4ce7d5743121209ae0f406ca"

[conda-packages.macos-x64."clang-format-22-22.1.8-default_hf44d2de_6"]
url = "https://conda.anaconda.org/conda-forge/osx-64/clang-format-22-22.1.8-default_hf44d2de_6.conda"
checksum = "sha256:bf25063df012aa70205c8c7ebafa87451e5a93c3daea7d509cbb84bd49156acf"

[conda-packages.macos-x64."clang-format-22.1.8-default_hb28dbfe_6"]
url = "https://conda.anaconda.org/conda-forge/osx-64/clang-format-22.1.8-default_hb28dbfe_6.conda"
checksum = "sha256:c40a1105c6b0d8633ba67a5a42db9c0e43a5711a3694146f0aea4486a92e8de5"

[conda-packages.macos-x64."clang-scan-deps-22.1.8-default_hf44d2de_6"]
url = "https://conda.anaconda.org/conda-forge/osx-64/clang-scan-deps-22.1.8-default_hf44d2de_6.conda"
checksum = "sha256:85a3055f2be6150b7ab315c3b02758d1472101ebd37b3caf15eb3bf6cc629dcd"

[conda-packages.macos-x64."libclang-cpp22.1-22.1.8-default_hf44d2de_6"]
url = "https://conda.anaconda.org/conda-forge/osx-64/libclang-cpp22.1-22.1.8-default_hf44d2de_6.conda"
checksum = "sha256:e8cc65cdb55f639a2398de6fedfb8b8c46ab99a35d46cbbd9f51b616388b3717"

[conda-packages.macos-x64."libclang13-22.1.8-default_h436299c_6"]
url = "https://conda.anaconda.org/conda-forge/osx-64/libclang13-22.1.8-default_h436299c_6.conda"
checksum = "sha256:ded2c6fbff5a8843c4b23e36c625b3f0d816f9ed54a289eea976e281405119cc"

[conda-packages.macos-x64."libcxx-22.1.8-h19cb2f5_0"]
url = "https://conda.anaconda.org/conda-forge/osx-64/libcxx-22.1.8-h19cb2f5_0.conda"
checksum = "sha256:57ee997f1f800cf38abc743c0f0a9ddfe6a101c697c35510452ce6f4ddf96361"

[conda-packages.macos-x64."libiconv-1.18-h4ae439b_3"]
url = "https://conda.anaconda.org/conda-forge/osx-64/libiconv-1.18-h4ae439b_3.conda"
checksum = "sha256:2389e03a58ed0f5e8f2469eb4d4ba80d0af378b38854ae5eee65e5b641244082"

[conda-packages.macos-x64."libllvm22-22.1.8-hab754da_1"]
url = "https://conda.anaconda.org/conda-forge/osx-64/libllvm22-22.1.8-hab754da_1.conda"
checksum = "sha256:c2bd652c5a6c4f0e6029786c4e59c54c09018049664006e94d674db4561238ea"

[conda-packages.macos-x64."liblzma-5.8.3-hbb4bfdb_1"]
url = "https://conda.anaconda.org/conda-forge/osx-64/liblzma-5.8.3-hbb4bfdb_1.conda"
checksum = "sha256:7915dac7c71c208e40e716e2f6d3eff41a8d5584e0e7c2d46f9bf9bd5f9aa739"

[conda-packages.macos-x64."libxml2-16-2.15.3-h0d7f165_0"]
url = "https://conda.anaconda.org/conda-forge/osx-64/libxml2-16-2.15.3-h0d7f165_0.conda"
checksum = "sha256:daa69a1dd887b2dbac44327bc5af73a4d41fa63bc6dc609782fdda9aec187895"

[conda-packages.macos-x64."libxml2-2.15.3-h0712280_0"]
url = "https://conda.anaconda.org/conda-forge/osx-64/libxml2-2.15.3-h0712280_0.conda"
checksum = "sha256:caf6e73fa53c3dec3227ea67de231b0f7009544252684e816c6f2f414aeb55c9"

[conda-packages.macos-x64."libzlib-1.3.2-hbb4bfdb_3"]
url = "https://conda.anaconda.org/conda-forge/osx-64/libzlib-1.3.2-hbb4bfdb_3.conda"
checksum = "sha256:b2dba286dd6632292b12296e761193b5ef9fb0eaeecaa481f5ba9af72c0c18e1"

[conda-packages.macos-x64."zstd-1.5.7-hbc1a06c_7"]
url = "https://conda.anaconda.org/conda-forge/osx-64/zstd-1.5.7-hbc1a06c_7.conda"
checksum = "sha256:5277886d9704a624dc9b79ac985861e1e431bdb39a57c082507ab577a138ec6c"

[[tools."conda:clang-tools"]]
version = "22.1.8"
backend = "conda:clang-tools"

[tools."conda:clang-tools".options]
channel = "conda-forge"

[tools."conda:clang-tools"."platforms.linux-arm64"]
checksum = "sha256:e18aa9d93495e9aac9d163d33013f5bde074ee5e744bf10f34aa98f7fb3df727"
url = "https://conda.anaconda.org/conda-forge/linux-aarch64/clang-tools-22.1.8-default_h1b0c604_6.conda"
conda_deps = [
    "clang-scan-deps-22.1.8-default_h9c9fc99_6",
    "clang-format-22.1.8-default_h7c587c8_6",
    "clang-format-22-22.1.8-default_h9c9fc99_6",
    "libzlib-1.3.2-hdc9db2a_3",
    "libllvm22-22.1.8-hfd2ba90_1",
    "libclang13-22.1.8-default_h1f00bc2_6",
    "libclang-cpp22.1-22.1.8-default_h9c9fc99_6",
    "libstdcxx-16.1.0-hef695bb_1",
    "libgcc-16.1.0-h205dda4_1",
    "zstd-1.5.7-h9d15635_7",
    "libxml2-2.15.3-h9ba8346_0",
    "libxml2-16-2.15.3-h064b767_0",
    "_openmp_mutex-4.5-20_gnu",
    "libgomp-16.1.0-h8acb6b2_1",
    "libiconv-1.18-h1ea5142_3",
    "liblzma-5.8.3-he30d5cf_1",
]

[tools."conda:clang-tools"."platforms.linux-x64"]
checksum = "sha256:ce6381b8a5d144d38d092c9cd9bfcf2fc303b9bf5bb45ddf3691767a1b3cdceb"
url = "https://conda.anaconda.org/conda-forge/linux-64/clang-tools-22.1.8-default_h1af49a9_6.conda"
conda_deps = [
    "clang-scan-deps-22.1.8-default_h08c5240_6",
    "clang-format-22.1.8-default_h36682a0_6",
    "clang-format-22-22.1.8-default_h08c5240_6",
    "libzlib-1.3.2-h25fd6f3_3",
    "libllvm22-22.1.8-hf7376ad_1",
    "libclang13-22.1.8-default_hd70ba2e_6",
    "libclang-cpp22.1-22.1.8-default_h08c5240_6",
    "libstdcxx-16.1.0-h934c35e_1",
    "libgcc-16.1.0-ha9f2e26_1",
    "zstd-1.5.7-hb78ec9c_7",
    "libxml2-2.15.3-h49c6c72_0",
    "libxml2-16-2.15.3-hca6bf5a_0",
    "_openmp_mutex-4.5-20_gnu",
    "libgomp-16.1.0-he0feb66_1",
    "liblzma-5.8.3-hb03c661_1",
    "icu-78.3-py310h44b86e0_2",
    "libiconv-1.18-h0cb94f2_3",
]

[tools."conda:clang-tools"."platforms.macos-arm64"]
checksum = "sha256:a27f988b3319ec1b62c3cfbe0538936e5feb061ac95154147fb60d80b03ebb86"
url = "https://conda.anaconda.org/conda-forge/osx-arm64/clang-tools-22.1.8-default_ha2fb705_6.conda"
conda_deps = [
    "libcxx-22.1.8-h55c6f16_0",
    "clang-scan-deps-22.1.8-default_hc257da1_6",
    "clang-format-22.1.8-default_h1fde8bb_6",
    "clang-format-22-22.1.8-default_hc257da1_6",
    "libzlib-1.3.2-h8088a28_3",
    "libllvm22-22.1.8-h89af1be_1",
    "libclang13-22.1.8-default_hed75349_6",
    "libclang-cpp22.1-22.1.8-default_hc257da1_6",
    "libxml2-2.15.3-heed7d32_0",
    "libxml2-16-2.15.3-h6967ea9_0",
    "zstd-1.5.7-hf451053_7",
    "liblzma-5.8.3-h8088a28_1",
    "libiconv-1.18-he4c29f2_3",
]

[tools."conda:clang-tools"."platforms.macos-x64"]
checksum = "sha256:72e87297ad39e8588dc77e6e8046eb9f2483490c339650e2cd9473051ef7c45e"
url = "https://conda.anaconda.org/conda-forge/osx-64/clang-tools-22.1.8-default_h66fc4d7_6.conda"
conda_deps = [
    "libcxx-22.1.8-h19cb2f5_0",
    "clang-scan-deps-22.1.8-default_hf44d2de_6",
    "clang-format-22.1.8-default_hb28dbfe_6",
    "clang-format-22-22.1.8-default_hf44d2de_6",
    "libzlib-1.3.2-hbb4bfdb_3",
    "libllvm22-22.1.8-hab754da_1",
    "libclang13-22.1.8-default_h436299c_6",
    "libclang-cpp22.1-22.1.8-default_hf44d2de_6",
    "zstd-1.5.7-hbc1a06c_7",
    "libxml2-2.15.3-h0712280_0",
    "libxml2-16-2.15.3-h0d7f165_0",
    "liblzma-5.8.3-hbb4bfdb_1",
    "libiconv-1.18-h4ae439b_3",
]

[[tools.fd]]
version = "10.4.2"
backend = "aqua:sharkdp/fd"

[tools.fd."platforms.linux-arm64"]
checksum = "sha256:f32d3657473fba74e2600babc8db0b93420d51169223b7e8143b2ed55d8fd9e8"
url = "https://github.com/sharkdp/fd/releases/download/v10.4.2/fd-v10.4.2-aarch64-unknown-linux-musl.tar.gz"
url_api = "https://api.github.com/repos/sharkdp/fd/releases/assets/370662859"

[tools.fd."platforms.linux-x64"]
checksum = "sha256:e3257d48e29a6be965187dbd24ce9af564e0fe67b3e73c9bdcd180f4ec11bdde"
url = "https://github.com/sharkdp/fd/releases/download/v10.4.2/fd-v10.4.2-x86_64-unknown-linux-musl.tar.gz"
url_api = "https://api.github.com/repos/sharkdp/fd/releases/assets/370662855"

[tools.fd."platforms.macos-arm64"]
checksum = "sha256:623dc0afc81b92e4d4606b380d7bc91916ba7b97814263e554d50923a39e480a"
url = "https://github.com/sharkdp/fd/releases/download/v10.4.2/fd-v10.4.2-aarch64-apple-darwin.tar.gz"
url_api = "https://api.github.com/repos/sharkdp/fd/releases/assets/370661116"

[[tools.go]]
version = "1.26.6"
backend = "core:go"

[tools.go."platforms.linux-arm64"]
checksum = "sha256:d0507e9e9d7fe012aae570108cbd76c15de879e17130ab8cb90d4d7445cb1f2e"
url = "https://dl.google.com/go/go1.26.6.linux-arm64.tar.gz"

[tools.go."platforms.linux-x64"]
checksum = "sha256:708effb774be8237570d0add163225abbdfaf4fca28b2611df167beba4feef89"
url = "https://dl.google.com/go/go1.26.6.linux-amd64.tar.gz"

[tools.go."platforms.macos-arm64"]
checksum = "sha256:2dc95ce4675829f2df0e86b28bcef3283635902062a5f0580ca659bf570f3204"
url = "https://dl.google.com/go/go1.26.6.darwin-arm64.tar.gz"

[tools.go."platforms.macos-x64"]
checksum = "sha256:08b65a63f244115121ced6c3b55ad38d801a7442acad5c949a17aad84ae6d684"
url = "https://dl.google.com/go/go1.26.6.darwin-amd64.tar.gz"

[[tools."go:golang.org/x/tools/gopls"]]
version = "0.23.0"
backend = "go:golang.org/x/tools/gopls"

[[tools.lua-language-server]]
version = "3.19.1"
backend = "aqua:LuaLS/lua-language-server"

[tools.lua-language-server."platforms.linux-arm64"]
checksum = "sha256:abd2572e8fc929dc838a81ffb8473c5bce0bf39bfe8edb4b120b3b623176ce83"
url = "https://github.com/LuaLS/lua-language-server/releases/download/3.19.1/lua-language-server-3.19.1-linux-arm64.tar.gz"
url_api = "https://api.github.com/repos/LuaLS/lua-language-server/releases/assets/513570945"

[tools.lua-language-server."platforms.linux-x64"]
checksum = "sha256:e9235d2d72ef55bc41cf8c99cda2ed64777682024b4bb81f5dea425060c5cbb8"
url = "https://github.com/LuaLS/lua-language-server/releases/download/3.19.1/lua-language-server-3.19.1-linux-x64.tar.gz"
url_api = "https://api.github.com/repos/LuaLS/lua-language-server/releases/assets/513572259"

[tools.lua-language-server."platforms.macos-arm64"]
checksum = "sha256:0bc077f4447f076b4c92c14e9fd303f5b569eda2ec74b4dca2b55f75fae2e90c"
url = "https://github.com/LuaLS/lua-language-server/releases/download/3.19.1/lua-language-server-3.19.1-darwin-arm64.tar.gz"
url_api = "https://api.github.com/repos/LuaLS/lua-language-server/releases/assets/513570627"

[tools.lua-language-server."platforms.macos-x64"]
checksum = "sha256:eb373c159cbe556711d7cd316315de2dce969bfd54b31edb7eb9cab2937f2cca"
url = "https://github.com/LuaLS/lua-language-server/releases/download/3.19.1/lua-language-server-3.19.1-darwin-x64.tar.gz"
url_api = "https://api.github.com/repos/LuaLS/lua-language-server/releases/assets/513569911"

[[tools.neovim]]
version = "0.12.4"
backend = "vfox:mise-plugins/vfox-neovim"

[tools.neovim."platforms.linux-arm64"]
url = "https://github.com/neovim/neovim/releases/download/v0.12.4/nvim-linux-arm64.tar.gz"

[tools.neovim."platforms.linux-x64"]
url = "https://github.com/neovim/neovim/releases/download/v0.12.4/nvim-linux-x86_64.tar.gz"

[tools.neovim."platforms.macos-arm64"]
url = "https://github.com/neovim/neovim/releases/download/v0.12.4/nvim-macos-arm64.tar.gz"

[tools.neovim."platforms.macos-x64"]
url = "https://github.com/neovim/neovim/releases/download/v0.12.4/nvim-macos-x86_64.tar.gz"

[[tools.node]]
version = "24.19.0"
backend = "core:node"

[tools.node."platforms.linux-arm64"]
checksum = "sha256:d28c8a5bf0a808f0ed434a1dce8c54ae98f0371c0bd86ac58abc613f73e6643f"
url = "https://nodejs.org/dist/v24.19.0/node-v24.19.0-linux-arm64.tar.gz"

[tools.node."platforms.linux-x64"]
checksum = "sha256:f625d97cd707df4ff96254916fbc5ff014f09c09effe5a1e0ca8f6d41a8789d4"
url = "https://nodejs.org/dist/v24.19.0/node-v24.19.0-linux-x64.tar.gz"

[tools.node."platforms.macos-arm64"]
checksum = "sha256:8294b7aa9b03997481c06babf1e8b270c859358f27da57a11509afe537ac381d"
url = "https://nodejs.org/dist/v24.19.0/node-v24.19.0-darwin-arm64.tar.gz"

[tools.node."platforms.macos-x64"]
checksum = "sha256:d1b5e999db158c62fe8f7267a4476b035d8bd93b1a605bac24a3f0dd166e3316"
url = "https://nodejs.org/dist/v24.19.0/node-v24.19.0-darwin-x64.tar.gz"

[[tools."npm:@biomejs/biome"]]
version = "2.5.9"
backend = "npm:@biomejs/biome"

[[tools."npm:@microsoft/compose-language-service"]]
version = "1.0.0"
backend = "npm:@microsoft/compose-language-service"

[[tools."npm:@tailwindcss/language-server"]]
version = "0.16.0"
backend = "npm:@tailwindcss/language-server"

[[tools."npm:dockerfile-language-server-nodejs"]]
version = "0.15.0"
backend = "npm:dockerfile-language-server-nodejs"

[[tools."npm:pyright"]]
version = "1.1.413"
backend = "npm:pyright"

[[tools."npm:typescript-language-server"]]
version = "5.3.0"
backend = "npm:typescript-language-server"

[[tools."npm:vscode-langservers-extracted"]]
version = "4.10.0"
backend = "npm:vscode-langservers-extracted"

[[tools."npm:yaml-language-server"]]
version = "1.24.0"
backend = "npm:yaml-language-server"

[[tools."pipx:autotools-language-server"]]
version = "0.1.3"
backend = "pipx:autotools-language-server"

[[tools.ripgrep]]
version = "15.2.0"
backend = "aqua:BurntSushi/ripgrep"

[tools.ripgrep."platforms.linux-arm64"]
checksum = "sha256:a740b91c82eaf9914cfedd353572f2791cbe0162c84101ee0951058f4dcbc90d"
url = "https://github.com/BurntSushi/ripgrep/releases/download/15.2.0/ripgrep-15.2.0-aarch64-unknown-linux-gnu.tar.gz"
url_api = "https://api.github.com/repos/BurntSushi/ripgrep/releases/assets/478119579"

[tools.ripgrep."platforms.linux-x64"]
checksum = "sha256:33e15bcf1624b25cdd2a55813a47a2f95dbe126268203e76aa6a585d1e7b149c"
url = "https://github.com/BurntSushi/ripgrep/releases/download/15.2.0/ripgrep-15.2.0-x86_64-unknown-linux-musl.tar.gz"
url_api = "https://api.github.com/repos/BurntSushi/ripgrep/releases/assets/478120097"

[tools.ripgrep."platforms.macos-arm64"]
checksum = "sha256:3750b2e93f37e0c692657da574d7019a101c0084da05a790c83fd335bad973e4"
url = "https://github.com/BurntSushi/ripgrep/releases/download/15.2.0/ripgrep-15.2.0-aarch64-apple-darwin.tar.gz"
url_api = "https://api.github.com/repos/BurntSushi/ripgrep/releases/assets/478118851"

[tools.ripgrep."platforms.macos-x64"]
checksum = "sha256:af7825fcc69a2afc7a7aea55fc9af90e26421d8f20fe59df32e233c0b8a231c1"
url = "https://github.com/BurntSushi/ripgrep/releases/download/15.2.0/ripgrep-15.2.0-x86_64-apple-darwin.tar.gz"
url_api = "https://api.github.com/repos/BurntSushi/ripgrep/releases/assets/478119585"

[[tools.rust]]
version = "1.97.1"
backend = "core:rust"

[[tools.rust-analyzer]]
version = "2026-08-17.4"
backend = "aqua:rust-lang/rust-analyzer"

[tools.rust-analyzer."platforms.linux-arm64"]
checksum = "sha256:941ad31c4256eec3c8457257b0fcfb696d2b4f80c0e5a996f7375a92130c2447"
url = "https://github.com/rust-lang/rust-analyzer/releases/download/2026-08-17.4/rust-analyzer-aarch64-unknown-linux-gnu.gz"
url_api = "https://api.github.com/repos/rust-lang/rust-analyzer/releases/assets/518116027"

[tools.rust-analyzer."platforms.linux-x64"]
checksum = "sha256:a559eaa29920e4c12718fba101f2055f1da0ad8bc458ef9dc1a670778cc66901"
url = "https://github.com/rust-lang/rust-analyzer/releases/download/2026-08-17.4/rust-analyzer-x86_64-unknown-linux-gnu.gz"
url_api = "https://api.github.com/repos/rust-lang/rust-analyzer/releases/assets/518116297"

[tools.rust-analyzer."platforms.macos-arm64"]
checksum = "sha256:ece932daf2f077be87bf745d2eb0a62cbc550f4b1e2e31ca76dfafdd0cc599b3"
url = "https://github.com/rust-lang/rust-analyzer/releases/download/2026-08-17.4/rust-analyzer-aarch64-apple-darwin.gz"
url_api = "https://api.github.com/repos/rust-lang/rust-analyzer/releases/assets/518115984"

[tools.rust-analyzer."platforms.macos-x64"]
checksum = "sha256:134a7d305991de776864e43d1e6c291f60fa2888d4b9b7749864c562c5dc28b7"
url = "https://github.com/rust-lang/rust-analyzer/releases/download/2026-08-17.4/rust-analyzer-x86_64-apple-darwin.gz"
url_api = "https://api.github.com/repos/rust-lang/rust-analyzer/releases/assets/518116249"

[[tools.stylua]]
version = "2.5.2"
backend = "aqua:JohnnyMorganz/StyLua"

[tools.stylua."platforms.linux-arm64"]
checksum = "sha256:0ef2ebf0b7e5a652b65c4cb96c6d9ffb3981a98547de3c764465bbf54a8d761a"
url = "https://github.com/JohnnyMorganz/StyLua/releases/download/v2.5.2/stylua-linux-aarch64.zip"
url_api = "https://api.github.com/repos/JohnnyMorganz/StyLua/releases/assets/421900973"

[tools.stylua."platforms.linux-x64"]
checksum = "sha256:ca6f1cf52eaf69e6632b81acef9c197aa24b85eb30d2455a35e7dbe28ae77c72"
url = "https://github.com/JohnnyMorganz/StyLua/releases/download/v2.5.2/stylua-linux-x86_64-musl.zip"
url_api = "https://api.github.com/repos/JohnnyMorganz/StyLua/releases/assets/421901066"

[tools.stylua."platforms.macos-arm64"]
checksum = "sha256:92ff0889e16324801bc072692974bb67f8161e62010fc90f96c62a17f81f32c7"
url = "https://github.com/JohnnyMorganz/StyLua/releases/download/v2.5.2/stylua-macos-aarch64.zip"
url_api = "https://api.github.com/repos/JohnnyMorganz/StyLua/releases/assets/421901102"

[tools.stylua."platforms.macos-x64"]
checksum = "sha256:53c50a1605d0a6345d160a1a5a21db40bcf2bf9cd23c17f7c277a63a1bff3a7f"
url = "https://github.com/JohnnyMorganz/StyLua/releases/download/v2.5.2/stylua-macos-x86_64.zip"
url_api = "https://api.github.com/repos/JohnnyMorganz/StyLua/releases/assets/421901085"

[[tools.uv]]
version = "0.12.5"
backend = "aqua:astral-sh/uv"

[tools.uv."platforms.linux-arm64"]
checksum = "sha256:8767a0e77f2cd45436401b1b42bf7e9ed5a4a91a74a5305d6fe93249d0f6dbc5"
url = "https://github.com/astral-sh/uv/releases/download/0.12.5/uv-aarch64-unknown-linux-musl.tar.gz"
url_api = "https://api.github.com/repos/astral-sh/uv/releases/assets/514850993"
provenance = "github-attestations"

[tools.uv."platforms.linux-x64"]
checksum = "sha256:a4742988791c9aeae68c78150d6cba762062ad2a47e53738c2779d2b596bfcdb"
url = "https://github.com/astral-sh/uv/releases/download/0.12.5/uv-x86_64-unknown-linux-musl.tar.gz"
url_api = "https://api.github.com/repos/astral-sh/uv/releases/assets/514851105"
provenance = "github-attestations"

[tools.uv."platforms.macos-arm64"]
checksum = "sha256:5bb0e5fe008a773c3dbcb97ff79cd89e1241464fe9d2f986d52ad8f1b037bd62"
url = "https://github.com/astral-sh/uv/releases/download/0.12.5/uv-aarch64-apple-darwin.tar.gz"
url_api = "https://api.github.com/repos/astral-sh/uv/releases/assets/514850968"
provenance = "github-attestations"

[tools.uv."platforms.macos-x64"]
checksum = "sha256:b3b2137477cf96c9686ebfb71524614cec780c673fd73e59bce099aef02e70e8"
url = "https://github.com/astral-sh/uv/releases/download/0.12.5/uv-x86_64-apple-darwin.tar.gz"
url_api = "https://api.github.com/repos/astral-sh/uv/releases/assets/514851078"
provenance = "github-attestations"
